Microsoft Visual Studio Solution File, Format Version 7.00
Project("{FAE04EC0-301F-11D3-BF4B-00C04F79EFBC}") = "WeakReferenceDemo", "WeakReferenceDemo.csproj", "{24244753-DF02-4A32-BA76-F9B98E572E78}"
EndProject
Global
	GlobalSection(SolutionConfiguration) = preSolution
		ConfigName.0 = Debug
		ConfigName.1 = Release
	EndGlobalSection
	GlobalSection(ProjectDependencies) = postSolution
	EndGlobalSection
	GlobalSection(ProjectConfiguration) = postSolution
		{24244753-DF02-4A32-BA76-F9B98E572E78}.Debug.ActiveCfg = Debug|.NET
		{24244753-DF02-4A32-BA76-F9B98E572E78}.Debug.Build.0 = Debug|.NET
		{24244753-DF02-4A32-BA76-F9B98E572E78}.Release.ActiveCfg = Release|.NET
		{24244753-DF02-4A32-BA76-F9B98E572E78}.Release.Build.0 = Release|.NET
	EndGlobalSection
	GlobalSection(ExtensibilityGlobals) = postSolution
	EndGlobalSection
	GlobalSection(ExtensibilityAddIns) = postSolution
	EndGlobalSection
EndGlobal
