Microsoft Visual Studio Solution File, Format Version 8.00
Project("{FAE04EC0-301F-11D3-BF4B-00C04F79EFBC}") = "ListFoldersC", "ListFoldersC.csproj", "{CFDD3D5A-C3F0-4947-BDF4-67D5B9586715}"
	ProjectSection(ProjectDependencies) = postProject
	EndProjectSection
EndProject
Global
	GlobalSection(SolutionConfiguration) = preSolution
		Debug = Debug
		Release = Release
	EndGlobalSection
	GlobalSection(ProjectConfiguration) = postSolution
		{CFDD3D5A-C3F0-4947-BDF4-67D5B9586715}.Debug.ActiveCfg = Debug|.NET
		{CFDD3D5A-C3F0-4947-BDF4-67D5B9586715}.Debug.Build.0 = Debug|.NET
		{CFDD3D5A-C3F0-4947-BDF4-67D5B9586715}.Release.ActiveCfg = Release|.NET
		{CFDD3D5A-C3F0-4947-BDF4-67D5B9586715}.Release.Build.0 = Release|.NET
	EndGlobalSection
	GlobalSection(ExtensibilityGlobals) = postSolution
	EndGlobalSection
	GlobalSection(ExtensibilityAddIns) = postSolution
	EndGlobalSection
EndGlobal
