Microsoft Visual Studio Solution File, Format Version 7.00
Project("{FAE04EC0-301F-11D3-BF4B-00C04F79EFBC}") = "IntervalTimer", "IntervalTimer.csproj", "{127C9E1E-DFA2-455E-AD65-F838B2C39E7B}"
EndProject
Global
	GlobalSection(SolutionConfiguration) = preSolution
		ConfigName.0 = Debug
		ConfigName.1 = Release
	EndGlobalSection
	GlobalSection(ProjectDependencies) = postSolution
	EndGlobalSection
	GlobalSection(ProjectConfiguration) = postSolution
		{127C9E1E-DFA2-455E-AD65-F838B2C39E7B}.Debug.ActiveCfg = Debug|.NET
		{127C9E1E-DFA2-455E-AD65-F838B2C39E7B}.Debug.Build.0 = Debug|.NET
		{127C9E1E-DFA2-455E-AD65-F838B2C39E7B}.Release.ActiveCfg = Release|.NET
		{127C9E1E-DFA2-455E-AD65-F838B2C39E7B}.Release.Build.0 = Release|.NET
	EndGlobalSection
	GlobalSection(ExtensibilityGlobals) = postSolution
	EndGlobalSection
	GlobalSection(ExtensibilityAddIns) = postSolution
	EndGlobalSection
EndGlobal
