Microsoft Visual Studio Solution File, Format Version 7.00
Project("{FAE04EC0-301F-11D3-BF4B-00C04F79EFBC}") = "TestForm", "TestForm\TestForm.csproj", "{6BA764C2-16CD-4EE5-B6FB-7FA39ECED3AC}"
EndProject
Project("{FAE04EC0-301F-11D3-BF4B-00C04F79EFBC}") = "GreetMe", "GreetMe\GreetMe.csproj", "{A9E05DD4-14B0-4E4B-8BFB-04E77C603812}"
EndProject
Project("{F184B08F-C81C-45F6-A57F-5ABD9991F28F}") = "FlagDlg", "FlagDlg\FlagDlg.vbproj", "{3436EC88-4C55-417F-96CE-47938A4F65E6}"
EndProject
Global
	GlobalSection(SolutionConfiguration) = preSolution
		ConfigName.0 = Debug
		ConfigName.1 = Release
	EndGlobalSection
	GlobalSection(ProjectDependencies) = postSolution
	EndGlobalSection
	GlobalSection(ProjectConfiguration) = postSolution
		{6BA764C2-16CD-4EE5-B6FB-7FA39ECED3AC}.Debug.ActiveCfg = Debug|.NET
		{6BA764C2-16CD-4EE5-B6FB-7FA39ECED3AC}.Debug.Build.0 = Debug|.NET
		{6BA764C2-16CD-4EE5-B6FB-7FA39ECED3AC}.Release.ActiveCfg = Release|.NET
		{6BA764C2-16CD-4EE5-B6FB-7FA39ECED3AC}.Release.Build.0 = Release|.NET
		{A9E05DD4-14B0-4E4B-8BFB-04E77C603812}.Debug.ActiveCfg = Debug|.NET
		{A9E05DD4-14B0-4E4B-8BFB-04E77C603812}.Debug.Build.0 = Debug|.NET
		{A9E05DD4-14B0-4E4B-8BFB-04E77C603812}.Release.ActiveCfg = Release|.NET
		{A9E05DD4-14B0-4E4B-8BFB-04E77C603812}.Release.Build.0 = Release|.NET
		{3436EC88-4C55-417F-96CE-47938A4F65E6}.Debug.ActiveCfg = Debug|.NET
		{3436EC88-4C55-417F-96CE-47938A4F65E6}.Debug.Build.0 = Debug|.NET
		{3436EC88-4C55-417F-96CE-47938A4F65E6}.Release.ActiveCfg = Release|.NET
		{3436EC88-4C55-417F-96CE-47938A4F65E6}.Release.Build.0 = Release|.NET
	EndGlobalSection
	GlobalSection(ExtensibilityGlobals) = postSolution
	EndGlobalSection
	GlobalSection(ExtensibilityAddIns) = postSolution
	EndGlobalSection
EndGlobal
