Microsoft Visual Studio Solution File, Format Version 8.00
Project("{8BC9CEB8-8B4A-11D0-8D11-00A0C91BC942}") = "UnmanCombis", "UnmanCombis.vcproj", "{FB61DE8C-8230-458F-B919-27A0AF782C69}"
	ProjectSection(ProjectDependencies) = postProject
	EndProjectSection
EndProject
Global
	GlobalSection(SolutionConfiguration) = preSolution
		Debug = Debug
		Release = Release
	EndGlobalSection
	GlobalSection(ProjectConfiguration) = postSolution
		{FB61DE8C-8230-458F-B919-27A0AF782C69}.Debug.ActiveCfg = Debug|Win32
		{FB61DE8C-8230-458F-B919-27A0AF782C69}.Debug.Build.0 = Debug|Win32
		{FB61DE8C-8230-458F-B919-27A0AF782C69}.Release.ActiveCfg = Release|Win32
		{FB61DE8C-8230-458F-B919-27A0AF782C69}.Release.Build.0 = Release|Win32
	EndGlobalSection
	GlobalSection(ExtensibilityGlobals) = postSolution
	EndGlobalSection
	GlobalSection(ExtensibilityAddIns) = postSolution
	EndGlobalSection
EndGlobal
