Microsoft Visual Studio Solution File, Format Version 7.00
Project("{FAE04EC0-301F-11D3-BF4B-00C04F79EFBC}") = "CreateCertificate", "CreateCertificate.csproj", "{38F9734F-8A6E-4EFE-8CF2-D8E725BF011B}"
EndProject
Global
	GlobalSection(SolutionConfiguration) = preSolution
		ConfigName.0 = Debug
		ConfigName.1 = Release
	EndGlobalSection
	GlobalSection(ProjectDependencies) = postSolution
	EndGlobalSection
	GlobalSection(ProjectConfiguration) = postSolution
		{38F9734F-8A6E-4EFE-8CF2-D8E725BF011B}.Debug.ActiveCfg = Debug|.NET
		{38F9734F-8A6E-4EFE-8CF2-D8E725BF011B}.Debug.Build.0 = Debug|.NET
		{38F9734F-8A6E-4EFE-8CF2-D8E725BF011B}.Release.ActiveCfg = Release|.NET
		{38F9734F-8A6E-4EFE-8CF2-D8E725BF011B}.Release.Build.0 = Release|.NET
	EndGlobalSection
	GlobalSection(ExtensibilityGlobals) = postSolution
	EndGlobalSection
	GlobalSection(ExtensibilityAddIns) = postSolution
	EndGlobalSection
EndGlobal
