Microsoft Visual Studio Solution File, Format Version 8.00
Project("{FAE04EC0-301F-11D3-BF4B-00C04F79EFBC}") = "ListProcessorsExplicitWQL", "ListProcessorsExplicitWQL.csproj", "{ED93F71C-9445-45B8-A819-9C6FAE3F0AC3}"
	ProjectSection(ProjectDependencies) = postProject
	EndProjectSection
EndProject
Global
	GlobalSection(SolutionConfiguration) = preSolution
		Debug = Debug
		Release = Release
	EndGlobalSection
	GlobalSection(ProjectConfiguration) = postSolution
		{ED93F71C-9445-45B8-A819-9C6FAE3F0AC3}.Debug.ActiveCfg = Debug|.NET
		{ED93F71C-9445-45B8-A819-9C6FAE3F0AC3}.Debug.Build.0 = Debug|.NET
		{ED93F71C-9445-45B8-A819-9C6FAE3F0AC3}.Release.ActiveCfg = Release|.NET
		{ED93F71C-9445-45B8-A819-9C6FAE3F0AC3}.Release.Build.0 = Release|.NET
	EndGlobalSection
	GlobalSection(ExtensibilityGlobals) = postSolution
	EndGlobalSection
	GlobalSection(ExtensibilityAddIns) = postSolution
	EndGlobalSection
EndGlobal
